
Microsoft Visual Studio Solution File, Format Version 12.00
# Visual Studio Version 17
VisualStudioVersion = 17.7.34024.191
MinimumVisualStudioVersion = 10.0.40219.1
Project("{8BC9CEB8-8B4A-11D0-8D11-00A0C91BC942}") = "ex-1", "ex-1\ex-1.vcxproj", "{8EE8E707-F440-409D-AB51-516C25B43005}"
EndProject
Project("{8BC9CEB8-8B4A-11D0-8D11-00A0C91BC942}") = "ex-2", "ex-2\ex-2.vcxproj", "{3A973239-0B0C-4568-B4CA-F26EAFA73F68}"
EndProject
Project("{8BC9CEB8-8B4A-11D0-8D11-00A0C91BC942}") = "ex-3", "ex-3\ex-3.vcxproj", "{BFD2652A-C9E5-4FEB-B550-CA8E4A1F11FC}"
EndProject
Project("{8BC9CEB8-8B4A-11D0-8D11-00A0C91BC942}") = "ex-4", "ex-4\ex-4.vcxproj", "{836F541B-665B-4BBF-9B48-680F32C5E06C}"
EndProject
Project("{8BC9CEB8-8B4A-11D0-8D11-00A0C91BC942}") = "ex-5", "ex-5\ex-5.vcxproj", "{EE90E4FC-7AEF-4600-9421-247524BAD1A6}"
EndProject
Project("{8BC9CEB8-8B4A-11D0-8D11-00A0C91BC942}") = "ex-6", "ex-6\ex-6.vcxproj", "{2E0FDB40-56D6-4AFF-8BB7-6943F3415582}"
EndProject
Project("{8BC9CEB8-8B4A-11D0-8D11-00A0C91BC942}") = "ex-7", "ex-7\ex-7.vcxproj", "{5F6BC85B-BB04-42E2-B94C-3AF368EADC4B}"
EndProject
Project("{8BC9CEB8-8B4A-11D0-8D11-00A0C91BC942}") = "ex-8", "ex-8\ex-8.vcxproj", "{6CC84097-3EF8-49E8-A9F7-69BDFE8A528D}"
EndProject
Project("{8BC9CEB8-8B4A-11D0-8D11-00A0C91BC942}") = "ex-9", "ex-9\ex-9.vcxproj", "{45D00754-9135-4BBA-B143-F92D5B2481CA}"
EndProject
Project("{8BC9CEB8-8B4A-11D0-8D11-00A0C91BC942}") = "ex-10", "ex-10\ex-10.vcxproj", "{59CA7BB7-051E-4AC5-BF66-2D263F39E7E9}"
EndProject
Project("{8BC9CEB8-8B4A-11D0-8D11-00A0C91BC942}") = "ex-11", "ex-11\ex-11.vcxproj", "{157C8464-5E8B-4924-8570-200849517B87}"
EndProject
Project("{8BC9CEB8-8B4A-11D0-8D11-00A0C91BC942}") = "ex-12", "ex-12\ex-12.vcxproj", "{0D8A88B4-4D5A-4BC7-9F79-BEB3AEE3E909}"
EndProject
Project("{8BC9CEB8-8B4A-11D0-8D11-00A0C91BC942}") = "ex-13", "ex-13\ex-13.vcxproj", "{59F2089D-F8BC-48F0-8462-BEC6500C0F34}"
EndProject
Project("{8BC9CEB8-8B4A-11D0-8D11-00A0C91BC942}") = "ex-14", "ex-14\ex-14.vcxproj", "{68C46236-92F8-4311-A189-FD8540576DDE}"
EndProject
Project("{8BC9CEB8-8B4A-11D0-8D11-00A0C91BC942}") = "ex-15", "ex-15\ex-15.vcxproj", "{B9038A6F-EC4E-411F-A7D5-CC6A237618E3}"
EndProject
Project("{8BC9CEB8-8B4A-11D0-8D11-00A0C91BC942}") = "ex-16", "ex-16\ex-16.vcxproj", "{E57F81F5-2D83-4C24-BA88-5DBEB2C04A88}"
EndProject
Global
	GlobalSection(SolutionConfigurationPlatforms) = preSolution
		Debug|x64 = Debug|x64
		Debug|x86 = Debug|x86
		Release|x64 = Release|x64
		Release|x86 = Release|x86
	EndGlobalSection
	GlobalSection(ProjectConfigurationPlatforms) = postSolution
		{8EE8E707-F440-409D-AB51-516C25B43005}.Debug|x64.ActiveCfg = Debug|x64
		{8EE8E707-F440-409D-AB51-516C25B43005}.Debug|x64.Build.0 = Debug|x64
		{8EE8E707-F440-409D-AB51-516C25B43005}.Debug|x86.ActiveCfg = Debug|Win32
		{8EE8E707-F440-409D-AB51-516C25B43005}.Debug|x86.Build.0 = Debug|Win32
		{8EE8E707-F440-409D-AB51-516C25B43005}.Release|x64.ActiveCfg = Release|x64
		{8EE8E707-F440-409D-AB51-516C25B43005}.Release|x64.Build.0 = Release|x64
		{8EE8E707-F440-409D-AB51-516C25B43005}.Release|x86.ActiveCfg = Release|Win32
		{8EE8E707-F440-409D-AB51-516C25B43005}.Release|x86.Build.0 = Release|Win32
		{3A973239-0B0C-4568-B4CA-F26EAFA73F68}.Debug|x64.ActiveCfg = Debug|x64
		{3A973239-0B0C-4568-B4CA-F26EAFA73F68}.Debug|x64.Build.0 = Debug|x64
		{3A973239-0B0C-4568-B4CA-F26EAFA73F68}.Debug|x86.ActiveCfg = Debug|Win32
		{3A973239-0B0C-4568-B4CA-F26EAFA73F68}.Debug|x86.Build.0 = Debug|Win32
		{3A973239-0B0C-4568-B4CA-F26EAFA73F68}.Release|x64.ActiveCfg = Release|x64
		{3A973239-0B0C-4568-B4CA-F26EAFA73F68}.Release|x64.Build.0 = Release|x64
		{3A973239-0B0C-4568-B4CA-F26EAFA73F68}.Release|x86.ActiveCfg = Release|Win32
		{3A973239-0B0C-4568-B4CA-F26EAFA73F68}.Release|x86.Build.0 = Release|Win32
		{BFD2652A-C9E5-4FEB-B550-CA8E4A1F11FC}.Debug|x64.ActiveCfg = Debug|x64
		{BFD2652A-C9E5-4FEB-B550-CA8E4A1F11FC}.Debug|x64.Build.0 = Debug|x64
		{BFD2652A-C9E5-4FEB-B550-CA8E4A1F11FC}.Debug|x86.ActiveCfg = Debug|Win32
		{BFD2652A-C9E5-4FEB-B550-CA8E4A1F11FC}.Debug|x86.Build.0 = Debug|Win32
		{BFD2652A-C9E5-4FEB-B550-CA8E4A1F11FC}.Release|x64.ActiveCfg = Release|x64
		{BFD2652A-C9E5-4FEB-B550-CA8E4A1F11FC}.Release|x64.Build.0 = Release|x64
		{BFD2652A-C9E5-4FEB-B550-CA8E4A1F11FC}.Release|x86.ActiveCfg = Release|Win32
		{BFD2652A-C9E5-4FEB-B550-CA8E4A1F11FC}.Release|x86.Build.0 = Release|Win32
		{836F541B-665B-4BBF-9B48-680F32C5E06C}.Debug|x64.ActiveCfg = Debug|x64
		{836F541B-665B-4BBF-9B48-680F32C5E06C}.Debug|x64.Build.0 = Debug|x64
		{836F541B-665B-4BBF-9B48-680F32C5E06C}.Debug|x86.ActiveCfg = Debug|Win32
		{836F541B-665B-4BBF-9B48-680F32C5E06C}.Debug|x86.Build.0 = Debug|Win32
		{836F541B-665B-4BBF-9B48-680F32C5E06C}.Release|x64.ActiveCfg = Release|x64
		{836F541B-665B-4BBF-9B48-680F32C5E06C}.Release|x64.Build.0 = Release|x64
		{836F541B-665B-4BBF-9B48-680F32C5E06C}.Release|x86.ActiveCfg = Release|Win32
		{836F541B-665B-4BBF-9B48-680F32C5E06C}.Release|x86.Build.0 = Release|Win32
		{EE90E4FC-7AEF-4600-9421-247524BAD1A6}.Debug|x64.ActiveCfg = Debug|x64
		{EE90E4FC-7AEF-4600-9421-247524BAD1A6}.Debug|x64.Build.0 = Debug|x64
		{EE90E4FC-7AEF-4600-9421-247524BAD1A6}.Debug|x86.ActiveCfg = Debug|Win32
		{EE90E4FC-7AEF-4600-9421-247524BAD1A6}.Debug|x86.Build.0 = Debug|Win32
		{EE90E4FC-7AEF-4600-9421-247524BAD1A6}.Release|x64.ActiveCfg = Release|x64
		{EE90E4FC-7AEF-4600-9421-247524BAD1A6}.Release|x64.Build.0 = Release|x64
		{EE90E4FC-7AEF-4600-9421-247524BAD1A6}.Release|x86.ActiveCfg = Release|Win32
		{EE90E4FC-7AEF-4600-9421-247524BAD1A6}.Release|x86.Build.0 = Release|Win32
		{2E0FDB40-56D6-4AFF-8BB7-6943F3415582}.Debug|x64.ActiveCfg = Debug|x64
		{2E0FDB40-56D6-4AFF-8BB7-6943F3415582}.Debug|x64.Build.0 = Debug|x64
		{2E0FDB40-56D6-4AFF-8BB7-6943F3415582}.Debug|x86.ActiveCfg = Debug|Win32
		{2E0FDB40-56D6-4AFF-8BB7-6943F3415582}.Debug|x86.Build.0 = Debug|Win32
		{2E0FDB40-56D6-4AFF-8BB7-6943F3415582}.Release|x64.ActiveCfg = Release|x64
		{2E0FDB40-56D6-4AFF-8BB7-6943F3415582}.Release|x64.Build.0 = Release|x64
		{2E0FDB40-56D6-4AFF-8BB7-6943F3415582}.Release|x86.ActiveCfg = Release|Win32
		{2E0FDB40-56D6-4AFF-8BB7-6943F3415582}.Release|x86.Build.0 = Release|Win32
		{5F6BC85B-BB04-42E2-B94C-3AF368EADC4B}.Debug|x64.ActiveCfg = Debug|x64
		{5F6BC85B-BB04-42E2-B94C-3AF368EADC4B}.Debug|x64.Build.0 = Debug|x64
		{5F6BC85B-BB04-42E2-B94C-3AF368EADC4B}.Debug|x86.ActiveCfg = Debug|Win32
		{5F6BC85B-BB04-42E2-B94C-3AF368EADC4B}.Debug|x86.Build.0 = Debug|Win32
		{5F6BC85B-BB04-42E2-B94C-3AF368EADC4B}.Release|x64.ActiveCfg = Release|x64
		{5F6BC85B-BB04-42E2-B94C-3AF368EADC4B}.Release|x64.Build.0 = Release|x64
		{5F6BC85B-BB04-42E2-B94C-3AF368EADC4B}.Release|x86.ActiveCfg = Release|Win32
		{5F6BC85B-BB04-42E2-B94C-3AF368EADC4B}.Release|x86.Build.0 = Release|Win32
		{6CC84097-3EF8-49E8-A9F7-69BDFE8A528D}.Debug|x64.ActiveCfg = Debug|x64
		{6CC84097-3EF8-49E8-A9F7-69BDFE8A528D}.Debug|x64.Build.0 = Debug|x64
		{6CC84097-3EF8-49E8-A9F7-69BDFE8A528D}.Debug|x86.ActiveCfg = Debug|Win32
		{6CC84097-3EF8-49E8-A9F7-69BDFE8A528D}.Debug|x86.Build.0 = Debug|Win32
		{6CC84097-3EF8-49E8-A9F7-69BDFE8A528D}.Release|x64.ActiveCfg = Release|x64
		{6CC84097-3EF8-49E8-A9F7-69BDFE8A528D}.Release|x64.Build.0 = Release|x64
		{6CC84097-3EF8-49E8-A9F7-69BDFE8A528D}.Release|x86.ActiveCfg = Release|Win32
		{6CC84097-3EF8-49E8-A9F7-69BDFE8A528D}.Release|x86.Build.0 = Release|Win32
		{45D00754-9135-4BBA-B143-F92D5B2481CA}.Debug|x64.ActiveCfg = Debug|x64
		{45D00754-9135-4BBA-B143-F92D5B2481CA}.Debug|x64.Build.0 = Debug|x64
		{45D00754-9135-4BBA-B143-F92D5B2481CA}.Debug|x86.ActiveCfg = Debug|Win32
		{45D00754-9135-4BBA-B143-F92D5B2481CA}.Debug|x86.Build.0 = Debug|Win32
		{45D00754-9135-4BBA-B143-F92D5B2481CA}.Release|x64.ActiveCfg = Release|x64
		{45D00754-9135-4BBA-B143-F92D5B2481CA}.Release|x64.Build.0 = Release|x64
		{45D00754-9135-4BBA-B143-F92D5B2481CA}.Release|x86.ActiveCfg = Release|Win32
		{45D00754-9135-4BBA-B143-F92D5B2481CA}.Release|x86.Build.0 = Release|Win32
		{59CA7BB7-051E-4AC5-BF66-2D263F39E7E9}.Debug|x64.ActiveCfg = Debug|x64
		{59CA7BB7-051E-4AC5-BF66-2D263F39E7E9}.Debug|x64.Build.0 = Debug|x64
		{59CA7BB7-051E-4AC5-BF66-2D263F39E7E9}.Debug|x86.ActiveCfg = Debug|Win32
		{59CA7BB7-051E-4AC5-BF66-2D263F39E7E9}.Debug|x86.Build.0 = Debug|Win32
		{59CA7BB7-051E-4AC5-BF66-2D263F39E7E9}.Release|x64.ActiveCfg = Release|x64
		{59CA7BB7-051E-4AC5-BF66-2D263F39E7E9}.Release|x64.Build.0 = Release|x64
		{59CA7BB7-051E-4AC5-BF66-2D263F39E7E9}.Release|x86.ActiveCfg = Release|Win32
		{59CA7BB7-051E-4AC5-BF66-2D263F39E7E9}.Release|x86.Build.0 = Release|Win32
		{157C8464-5E8B-4924-8570-200849517B87}.Debug|x64.ActiveCfg = Debug|x64
		{157C8464-5E8B-4924-8570-200849517B87}.Debug|x64.Build.0 = Debug|x64
		{157C8464-5E8B-4924-8570-200849517B87}.Debug|x86.ActiveCfg = Debug|Win32
		{157C8464-5E8B-4924-8570-200849517B87}.Debug|x86.Build.0 = Debug|Win32
		{157C8464-5E8B-4924-8570-200849517B87}.Release|x64.ActiveCfg = Release|x64
		{157C8464-5E8B-4924-8570-200849517B87}.Release|x64.Build.0 = Release|x64
		{157C8464-5E8B-4924-8570-200849517B87}.Release|x86.ActiveCfg = Release|Win32
		{157C8464-5E8B-4924-8570-200849517B87}.Release|x86.Build.0 = Release|Win32
		{0D8A88B4-4D5A-4BC7-9F79-BEB3AEE3E909}.Debug|x64.ActiveCfg = Debug|x64
		{0D8A88B4-4D5A-4BC7-9F79-BEB3AEE3E909}.Debug|x64.Build.0 = Debug|x64
		{0D8A88B4-4D5A-4BC7-9F79-BEB3AEE3E909}.Debug|x86.ActiveCfg = Debug|Win32
		{0D8A88B4-4D5A-4BC7-9F79-BEB3AEE3E909}.Debug|x86.Build.0 = Debug|Win32
		{0D8A88B4-4D5A-4BC7-9F79-BEB3AEE3E909}.Release|x64.ActiveCfg = Release|x64
		{0D8A88B4-4D5A-4BC7-9F79-BEB3AEE3E909}.Release|x64.Build.0 = Release|x64
		{0D8A88B4-4D5A-4BC7-9F79-BEB3AEE3E909}.Release|x86.ActiveCfg = Release|Win32
		{0D8A88B4-4D5A-4BC7-9F79-BEB3AEE3E909}.Release|x86.Build.0 = Release|Win32
		{59F2089D-F8BC-48F0-8462-BEC6500C0F34}.Debug|x64.ActiveCfg = Debug|x64
		{59F2089D-F8BC-48F0-8462-BEC6500C0F34}.Debug|x64.Build.0 = Debug|x64
		{59F2089D-F8BC-48F0-8462-BEC6500C0F34}.Debug|x86.ActiveCfg = Debug|Win32
		{59F2089D-F8BC-48F0-8462-BEC6500C0F34}.Debug|x86.Build.0 = Debug|Win32
		{59F2089D-F8BC-48F0-8462-BEC6500C0F34}.Release|x64.ActiveCfg = Release|x64
		{59F2089D-F8BC-48F0-8462-BEC6500C0F34}.Release|x64.Build.0 = Release|x64
		{59F2089D-F8BC-48F0-8462-BEC6500C0F34}.Release|x86.ActiveCfg = Release|Win32
		{59F2089D-F8BC-48F0-8462-BEC6500C0F34}.Release|x86.Build.0 = Release|Win32
		{68C46236-92F8-4311-A189-FD8540576DDE}.Debug|x64.ActiveCfg = Debug|x64
		{68C46236-92F8-4311-A189-FD8540576DDE}.Debug|x64.Build.0 = Debug|x64
		{68C46236-92F8-4311-A189-FD8540576DDE}.Debug|x86.ActiveCfg = Debug|Win32
		{68C46236-92F8-4311-A189-FD8540576DDE}.Debug|x86.Build.0 = Debug|Win32
		{68C46236-92F8-4311-A189-FD8540576DDE}.Release|x64.ActiveCfg = Release|x64
		{68C46236-92F8-4311-A189-FD8540576DDE}.Release|x64.Build.0 = Release|x64
		{68C46236-92F8-4311-A189-FD8540576DDE}.Release|x86.ActiveCfg = Release|Win32
		{68C46236-92F8-4311-A189-FD8540576DDE}.Release|x86.Build.0 = Release|Win32
		{B9038A6F-EC4E-411F-A7D5-CC6A237618E3}.Debug|x64.ActiveCfg = Debug|x64
		{B9038A6F-EC4E-411F-A7D5-CC6A237618E3}.Debug|x64.Build.0 = Debug|x64
		{B9038A6F-EC4E-411F-A7D5-CC6A237618E3}.Debug|x86.ActiveCfg = Debug|Win32
		{B9038A6F-EC4E-411F-A7D5-CC6A237618E3}.Debug|x86.Build.0 = Debug|Win32
		{B9038A6F-EC4E-411F-A7D5-CC6A237618E3}.Release|x64.ActiveCfg = Release|x64
		{B9038A6F-EC4E-411F-A7D5-CC6A237618E3}.Release|x64.Build.0 = Release|x64
		{B9038A6F-EC4E-411F-A7D5-CC6A237618E3}.Release|x86.ActiveCfg = Release|Win32
		{B9038A6F-EC4E-411F-A7D5-CC6A237618E3}.Release|x86.Build.0 = Release|Win32
		{E57F81F5-2D83-4C24-BA88-5DBEB2C04A88}.Debug|x64.ActiveCfg = Debug|x64
		{E57F81F5-2D83-4C24-BA88-5DBEB2C04A88}.Debug|x64.Build.0 = Debug|x64
		{E57F81F5-2D83-4C24-BA88-5DBEB2C04A88}.Debug|x86.ActiveCfg = Debug|Win32
		{E57F81F5-2D83-4C24-BA88-5DBEB2C04A88}.Debug|x86.Build.0 = Debug|Win32
		{E57F81F5-2D83-4C24-BA88-5DBEB2C04A88}.Release|x64.ActiveCfg = Release|x64
		{E57F81F5-2D83-4C24-BA88-5DBEB2C04A88}.Release|x64.Build.0 = Release|x64
		{E57F81F5-2D83-4C24-BA88-5DBEB2C04A88}.Release|x86.ActiveCfg = Release|Win32
		{E57F81F5-2D83-4C24-BA88-5DBEB2C04A88}.Release|x86.Build.0 = Release|Win32
	EndGlobalSection
	GlobalSection(SolutionProperties) = preSolution
		HideSolutionNode = FALSE
	EndGlobalSection
	GlobalSection(ExtensibilityGlobals) = postSolution
		SolutionGuid = {DC5F25C8-1E9D-4E5B-A117-01276EACB32E}
	EndGlobalSection
EndGlobal
