
Microsoft Visual Studio Solution File, Format Version 12.00
# Visual Studio Version 17
VisualStudioVersion = 17.7.34024.191
MinimumVisualStudioVersion = 10.0.40219.1
Project("{8BC9CEB8-8B4A-11D0-8D11-00A0C91BC942}") = "ex-1", "ex-1\ex-1.vcxproj", "{1A243C5E-0E77-4088-B3FB-9B99A5B8B835}"
EndProject
Project("{8BC9CEB8-8B4A-11D0-8D11-00A0C91BC942}") = "ex-2", "ex-2\ex-2.vcxproj", "{8F884667-EFB3-4C8E-8AD4-66F933BF7B2F}"
EndProject
Project("{8BC9CEB8-8B4A-11D0-8D11-00A0C91BC942}") = "ex-3", "ex-3\ex-3.vcxproj", "{7E9D896C-AEBC-40AC-B459-DFD192B34972}"
EndProject
Project("{8BC9CEB8-8B4A-11D0-8D11-00A0C91BC942}") = "ex-4", "ex-4\ex-4.vcxproj", "{9DD146A2-0C05-4EB2-A2A1-0A9691C937D2}"
EndProject
Project("{8BC9CEB8-8B4A-11D0-8D11-00A0C91BC942}") = "ex-5", "ex-5\ex-5.vcxproj", "{74F1C7CC-042B-439C-B319-B6484377F08D}"
EndProject
Project("{8BC9CEB8-8B4A-11D0-8D11-00A0C91BC942}") = "ex-6", "ex-6\ex-6.vcxproj", "{5FCD004C-3539-4AA6-96F3-7782D84F99AA}"
EndProject
Project("{8BC9CEB8-8B4A-11D0-8D11-00A0C91BC942}") = "ex-7", "ex-7\ex-7.vcxproj", "{A8A33508-479B-4295-BB59-D8BAE89E31E7}"
EndProject
Project("{8BC9CEB8-8B4A-11D0-8D11-00A0C91BC942}") = "ex-8", "ex-8\ex-8.vcxproj", "{0B253B47-59B9-4CFB-BC29-7E9C118BFD51}"
EndProject
Project("{8BC9CEB8-8B4A-11D0-8D11-00A0C91BC942}") = "ex-9", "ex-9\ex-9.vcxproj", "{F025B6CC-4A6C-4E5F-89C1-A10EF386A182}"
EndProject
Project("{8BC9CEB8-8B4A-11D0-8D11-00A0C91BC942}") = "ex-10", "ex-10\ex-10.vcxproj", "{CB74A9FE-B6BB-4E0B-AB66-BEB56BA51711}"
EndProject
Project("{8BC9CEB8-8B4A-11D0-8D11-00A0C91BC942}") = "ex-11", "ex-11\ex-11.vcxproj", "{FAD74904-3542-49F1-90D8-C1D3615B19F9}"
EndProject
Project("{8BC9CEB8-8B4A-11D0-8D11-00A0C91BC942}") = "ex-12", "ex-12\ex-12.vcxproj", "{51081B20-1ADA-401F-8311-E97643B69942}"
EndProject
Project("{8BC9CEB8-8B4A-11D0-8D11-00A0C91BC942}") = "ex-13", "ex-13\ex-13.vcxproj", "{FDCCE1F8-B366-4430-8999-F76BEF7B47DA}"
EndProject
Project("{8BC9CEB8-8B4A-11D0-8D11-00A0C91BC942}") = "ex-14", "ex-14\ex-14.vcxproj", "{3AFC811C-367D-4410-A6D9-481263F6E59A}"
EndProject
Global
	GlobalSection(SolutionConfigurationPlatforms) = preSolution
		Debug|x64 = Debug|x64
		Debug|x86 = Debug|x86
		Release|x64 = Release|x64
		Release|x86 = Release|x86
	EndGlobalSection
	GlobalSection(ProjectConfigurationPlatforms) = postSolution
		{1A243C5E-0E77-4088-B3FB-9B99A5B8B835}.Debug|x64.ActiveCfg = Debug|x64
		{1A243C5E-0E77-4088-B3FB-9B99A5B8B835}.Debug|x64.Build.0 = Debug|x64
		{1A243C5E-0E77-4088-B3FB-9B99A5B8B835}.Debug|x86.ActiveCfg = Debug|Win32
		{1A243C5E-0E77-4088-B3FB-9B99A5B8B835}.Debug|x86.Build.0 = Debug|Win32
		{1A243C5E-0E77-4088-B3FB-9B99A5B8B835}.Release|x64.ActiveCfg = Release|x64
		{1A243C5E-0E77-4088-B3FB-9B99A5B8B835}.Release|x64.Build.0 = Release|x64
		{1A243C5E-0E77-4088-B3FB-9B99A5B8B835}.Release|x86.ActiveCfg = Release|Win32
		{1A243C5E-0E77-4088-B3FB-9B99A5B8B835}.Release|x86.Build.0 = Release|Win32
		{8F884667-EFB3-4C8E-8AD4-66F933BF7B2F}.Debug|x64.ActiveCfg = Debug|x64
		{8F884667-EFB3-4C8E-8AD4-66F933BF7B2F}.Debug|x64.Build.0 = Debug|x64
		{8F884667-EFB3-4C8E-8AD4-66F933BF7B2F}.Debug|x86.ActiveCfg = Debug|Win32
		{8F884667-EFB3-4C8E-8AD4-66F933BF7B2F}.Debug|x86.Build.0 = Debug|Win32
		{8F884667-EFB3-4C8E-8AD4-66F933BF7B2F}.Release|x64.ActiveCfg = Release|x64
		{8F884667-EFB3-4C8E-8AD4-66F933BF7B2F}.Release|x64.Build.0 = Release|x64
		{8F884667-EFB3-4C8E-8AD4-66F933BF7B2F}.Release|x86.ActiveCfg = Release|Win32
		{8F884667-EFB3-4C8E-8AD4-66F933BF7B2F}.Release|x86.Build.0 = Release|Win32
		{7E9D896C-AEBC-40AC-B459-DFD192B34972}.Debug|x64.ActiveCfg = Debug|x64
		{7E9D896C-AEBC-40AC-B459-DFD192B34972}.Debug|x64.Build.0 = Debug|x64
		{7E9D896C-AEBC-40AC-B459-DFD192B34972}.Debug|x86.ActiveCfg = Debug|Win32
		{7E9D896C-AEBC-40AC-B459-DFD192B34972}.Debug|x86.Build.0 = Debug|Win32
		{7E9D896C-AEBC-40AC-B459-DFD192B34972}.Release|x64.ActiveCfg = Release|x64
		{7E9D896C-AEBC-40AC-B459-DFD192B34972}.Release|x64.Build.0 = Release|x64
		{7E9D896C-AEBC-40AC-B459-DFD192B34972}.Release|x86.ActiveCfg = Release|Win32
		{7E9D896C-AEBC-40AC-B459-DFD192B34972}.Release|x86.Build.0 = Release|Win32
		{9DD146A2-0C05-4EB2-A2A1-0A9691C937D2}.Debug|x64.ActiveCfg = Debug|x64
		{9DD146A2-0C05-4EB2-A2A1-0A9691C937D2}.Debug|x64.Build.0 = Debug|x64
		{9DD146A2-0C05-4EB2-A2A1-0A9691C937D2}.Debug|x86.ActiveCfg = Debug|Win32
		{9DD146A2-0C05-4EB2-A2A1-0A9691C937D2}.Debug|x86.Build.0 = Debug|Win32
		{9DD146A2-0C05-4EB2-A2A1-0A9691C937D2}.Release|x64.ActiveCfg = Release|x64
		{9DD146A2-0C05-4EB2-A2A1-0A9691C937D2}.Release|x64.Build.0 = Release|x64
		{9DD146A2-0C05-4EB2-A2A1-0A9691C937D2}.Release|x86.ActiveCfg = Release|Win32
		{9DD146A2-0C05-4EB2-A2A1-0A9691C937D2}.Release|x86.Build.0 = Release|Win32
		{74F1C7CC-042B-439C-B319-B6484377F08D}.Debug|x64.ActiveCfg = Debug|x64
		{74F1C7CC-042B-439C-B319-B6484377F08D}.Debug|x64.Build.0 = Debug|x64
		{74F1C7CC-042B-439C-B319-B6484377F08D}.Debug|x86.ActiveCfg = Debug|Win32
		{74F1C7CC-042B-439C-B319-B6484377F08D}.Debug|x86.Build.0 = Debug|Win32
		{74F1C7CC-042B-439C-B319-B6484377F08D}.Release|x64.ActiveCfg = Release|x64
		{74F1C7CC-042B-439C-B319-B6484377F08D}.Release|x64.Build.0 = Release|x64
		{74F1C7CC-042B-439C-B319-B6484377F08D}.Release|x86.ActiveCfg = Release|Win32
		{74F1C7CC-042B-439C-B319-B6484377F08D}.Release|x86.Build.0 = Release|Win32
		{5FCD004C-3539-4AA6-96F3-7782D84F99AA}.Debug|x64.ActiveCfg = Debug|x64
		{5FCD004C-3539-4AA6-96F3-7782D84F99AA}.Debug|x64.Build.0 = Debug|x64
		{5FCD004C-3539-4AA6-96F3-7782D84F99AA}.Debug|x86.ActiveCfg = Debug|Win32
		{5FCD004C-3539-4AA6-96F3-7782D84F99AA}.Debug|x86.Build.0 = Debug|Win32
		{5FCD004C-3539-4AA6-96F3-7782D84F99AA}.Release|x64.ActiveCfg = Release|x64
		{5FCD004C-3539-4AA6-96F3-7782D84F99AA}.Release|x64.Build.0 = Release|x64
		{5FCD004C-3539-4AA6-96F3-7782D84F99AA}.Release|x86.ActiveCfg = Release|Win32
		{5FCD004C-3539-4AA6-96F3-7782D84F99AA}.Release|x86.Build.0 = Release|Win32
		{A8A33508-479B-4295-BB59-D8BAE89E31E7}.Debug|x64.ActiveCfg = Debug|x64
		{A8A33508-479B-4295-BB59-D8BAE89E31E7}.Debug|x64.Build.0 = Debug|x64
		{A8A33508-479B-4295-BB59-D8BAE89E31E7}.Debug|x86.ActiveCfg = Debug|Win32
		{A8A33508-479B-4295-BB59-D8BAE89E31E7}.Debug|x86.Build.0 = Debug|Win32
		{A8A33508-479B-4295-BB59-D8BAE89E31E7}.Release|x64.ActiveCfg = Release|x64
		{A8A33508-479B-4295-BB59-D8BAE89E31E7}.Release|x64.Build.0 = Release|x64
		{A8A33508-479B-4295-BB59-D8BAE89E31E7}.Release|x86.ActiveCfg = Release|Win32
		{A8A33508-479B-4295-BB59-D8BAE89E31E7}.Release|x86.Build.0 = Release|Win32
		{0B253B47-59B9-4CFB-BC29-7E9C118BFD51}.Debug|x64.ActiveCfg = Debug|x64
		{0B253B47-59B9-4CFB-BC29-7E9C118BFD51}.Debug|x64.Build.0 = Debug|x64
		{0B253B47-59B9-4CFB-BC29-7E9C118BFD51}.Debug|x86.ActiveCfg = Debug|Win32
		{0B253B47-59B9-4CFB-BC29-7E9C118BFD51}.Debug|x86.Build.0 = Debug|Win32
		{0B253B47-59B9-4CFB-BC29-7E9C118BFD51}.Release|x64.ActiveCfg = Release|x64
		{0B253B47-59B9-4CFB-BC29-7E9C118BFD51}.Release|x64.Build.0 = Release|x64
		{0B253B47-59B9-4CFB-BC29-7E9C118BFD51}.Release|x86.ActiveCfg = Release|Win32
		{0B253B47-59B9-4CFB-BC29-7E9C118BFD51}.Release|x86.Build.0 = Release|Win32
		{F025B6CC-4A6C-4E5F-89C1-A10EF386A182}.Debug|x64.ActiveCfg = Debug|x64
		{F025B6CC-4A6C-4E5F-89C1-A10EF386A182}.Debug|x64.Build.0 = Debug|x64
		{F025B6CC-4A6C-4E5F-89C1-A10EF386A182}.Debug|x86.ActiveCfg = Debug|Win32
		{F025B6CC-4A6C-4E5F-89C1-A10EF386A182}.Debug|x86.Build.0 = Debug|Win32
		{F025B6CC-4A6C-4E5F-89C1-A10EF386A182}.Release|x64.ActiveCfg = Release|x64
		{F025B6CC-4A6C-4E5F-89C1-A10EF386A182}.Release|x64.Build.0 = Release|x64
		{F025B6CC-4A6C-4E5F-89C1-A10EF386A182}.Release|x86.ActiveCfg = Release|Win32
		{F025B6CC-4A6C-4E5F-89C1-A10EF386A182}.Release|x86.Build.0 = Release|Win32
		{CB74A9FE-B6BB-4E0B-AB66-BEB56BA51711}.Debug|x64.ActiveCfg = Debug|x64
		{CB74A9FE-B6BB-4E0B-AB66-BEB56BA51711}.Debug|x64.Build.0 = Debug|x64
		{CB74A9FE-B6BB-4E0B-AB66-BEB56BA51711}.Debug|x86.ActiveCfg = Debug|Win32
		{CB74A9FE-B6BB-4E0B-AB66-BEB56BA51711}.Debug|x86.Build.0 = Debug|Win32
		{CB74A9FE-B6BB-4E0B-AB66-BEB56BA51711}.Release|x64.ActiveCfg = Release|x64
		{CB74A9FE-B6BB-4E0B-AB66-BEB56BA51711}.Release|x64.Build.0 = Release|x64
		{CB74A9FE-B6BB-4E0B-AB66-BEB56BA51711}.Release|x86.ActiveCfg = Release|Win32
		{CB74A9FE-B6BB-4E0B-AB66-BEB56BA51711}.Release|x86.Build.0 = Release|Win32
		{FAD74904-3542-49F1-90D8-C1D3615B19F9}.Debug|x64.ActiveCfg = Debug|x64
		{FAD74904-3542-49F1-90D8-C1D3615B19F9}.Debug|x64.Build.0 = Debug|x64
		{FAD74904-3542-49F1-90D8-C1D3615B19F9}.Debug|x86.ActiveCfg = Debug|Win32
		{FAD74904-3542-49F1-90D8-C1D3615B19F9}.Debug|x86.Build.0 = Debug|Win32
		{FAD74904-3542-49F1-90D8-C1D3615B19F9}.Release|x64.ActiveCfg = Release|x64
		{FAD74904-3542-49F1-90D8-C1D3615B19F9}.Release|x64.Build.0 = Release|x64
		{FAD74904-3542-49F1-90D8-C1D3615B19F9}.Release|x86.ActiveCfg = Release|Win32
		{FAD74904-3542-49F1-90D8-C1D3615B19F9}.Release|x86.Build.0 = Release|Win32
		{51081B20-1ADA-401F-8311-E97643B69942}.Debug|x64.ActiveCfg = Debug|x64
		{51081B20-1ADA-401F-8311-E97643B69942}.Debug|x64.Build.0 = Debug|x64
		{51081B20-1ADA-401F-8311-E97643B69942}.Debug|x86.ActiveCfg = Debug|Win32
		{51081B20-1ADA-401F-8311-E97643B69942}.Debug|x86.Build.0 = Debug|Win32
		{51081B20-1ADA-401F-8311-E97643B69942}.Release|x64.ActiveCfg = Release|x64
		{51081B20-1ADA-401F-8311-E97643B69942}.Release|x64.Build.0 = Release|x64
		{51081B20-1ADA-401F-8311-E97643B69942}.Release|x86.ActiveCfg = Release|Win32
		{51081B20-1ADA-401F-8311-E97643B69942}.Release|x86.Build.0 = Release|Win32
		{FDCCE1F8-B366-4430-8999-F76BEF7B47DA}.Debug|x64.ActiveCfg = Debug|x64
		{FDCCE1F8-B366-4430-8999-F76BEF7B47DA}.Debug|x64.Build.0 = Debug|x64
		{FDCCE1F8-B366-4430-8999-F76BEF7B47DA}.Debug|x86.ActiveCfg = Debug|Win32
		{FDCCE1F8-B366-4430-8999-F76BEF7B47DA}.Debug|x86.Build.0 = Debug|Win32
		{FDCCE1F8-B366-4430-8999-F76BEF7B47DA}.Release|x64.ActiveCfg = Release|x64
		{FDCCE1F8-B366-4430-8999-F76BEF7B47DA}.Release|x64.Build.0 = Release|x64
		{FDCCE1F8-B366-4430-8999-F76BEF7B47DA}.Release|x86.ActiveCfg = Release|Win32
		{FDCCE1F8-B366-4430-8999-F76BEF7B47DA}.Release|x86.Build.0 = Release|Win32
		{3AFC811C-367D-4410-A6D9-481263F6E59A}.Debug|x64.ActiveCfg = Debug|x64
		{3AFC811C-367D-4410-A6D9-481263F6E59A}.Debug|x64.Build.0 = Debug|x64
		{3AFC811C-367D-4410-A6D9-481263F6E59A}.Debug|x86.ActiveCfg = Debug|Win32
		{3AFC811C-367D-4410-A6D9-481263F6E59A}.Debug|x86.Build.0 = Debug|Win32
		{3AFC811C-367D-4410-A6D9-481263F6E59A}.Release|x64.ActiveCfg = Release|x64
		{3AFC811C-367D-4410-A6D9-481263F6E59A}.Release|x64.Build.0 = Release|x64
		{3AFC811C-367D-4410-A6D9-481263F6E59A}.Release|x86.ActiveCfg = Release|Win32
		{3AFC811C-367D-4410-A6D9-481263F6E59A}.Release|x86.Build.0 = Release|Win32
	EndGlobalSection
	GlobalSection(SolutionProperties) = preSolution
		HideSolutionNode = FALSE
	EndGlobalSection
	GlobalSection(ExtensibilityGlobals) = postSolution
		SolutionGuid = {F9541C70-5D07-4017-9E2A-F2BFA5AC1442}
	EndGlobalSection
EndGlobal
