
Microsoft Visual Studio Solution File, Format Version 12.00
# Visual Studio Version 17
VisualStudioVersion = 17.7.34024.191
MinimumVisualStudioVersion = 10.0.40219.1
Project("{8BC9CEB8-8B4A-11D0-8D11-00A0C91BC942}") = "ex-1", "ex-1\ex-1.vcxproj", "{B09C7FF8-3E1B-425D-B165-E765770020E5}"
EndProject
Project("{8BC9CEB8-8B4A-11D0-8D11-00A0C91BC942}") = "ex-2", "ex-2\ex-2.vcxproj", "{D6076C31-9FF1-479E-A804-C7C388D330D5}"
EndProject
Project("{8BC9CEB8-8B4A-11D0-8D11-00A0C91BC942}") = "ex-3", "ex-3\ex-3.vcxproj", "{C872B8FD-76EB-481A-B316-395BDCF49DB0}"
EndProject
Project("{8BC9CEB8-8B4A-11D0-8D11-00A0C91BC942}") = "ex-4", "ex-4\ex-4.vcxproj", "{53D7F93E-7FF0-45DB-A40C-B64092DC66FF}"
EndProject
Project("{8BC9CEB8-8B4A-11D0-8D11-00A0C91BC942}") = "ex-5", "ex-5\ex-5.vcxproj", "{F6F78B71-0617-4853-BE98-40C24E7DFEC2}"
EndProject
Project("{8BC9CEB8-8B4A-11D0-8D11-00A0C91BC942}") = "ex-6", "ex-6\ex-6.vcxproj", "{88645EC0-FC7F-43B5-AC14-4C7AC8DAF54A}"
EndProject
Project("{8BC9CEB8-8B4A-11D0-8D11-00A0C91BC942}") = "ex-7", "ex-7\ex-7.vcxproj", "{FEC126F6-5D28-4F75-9389-1E7B28448EB5}"
EndProject
Project("{8BC9CEB8-8B4A-11D0-8D11-00A0C91BC942}") = "ex-8", "ex-8\ex-8.vcxproj", "{0A213F19-8D01-4908-8AEF-075C3EE1C1C8}"
EndProject
Project("{8BC9CEB8-8B4A-11D0-8D11-00A0C91BC942}") = "ex-9", "ex-9\ex-9.vcxproj", "{00423AC3-BB47-4FBA-A7CD-A1143DA6957E}"
EndProject
Project("{8BC9CEB8-8B4A-11D0-8D11-00A0C91BC942}") = "ex-10", "ex-10\ex-10.vcxproj", "{6A44641F-3755-4A46-9522-18EA52D0E91A}"
EndProject
Project("{8BC9CEB8-8B4A-11D0-8D11-00A0C91BC942}") = "ex-11", "ex-11\ex-11.vcxproj", "{F80AAD2A-3402-4C40-9CC4-82E314826868}"
EndProject
Project("{8BC9CEB8-8B4A-11D0-8D11-00A0C91BC942}") = "ex-12", "ex-12\ex-12.vcxproj", "{AA7A5600-4BFE-45AE-A5E2-1088D116450C}"
EndProject
Global
	GlobalSection(SolutionConfigurationPlatforms) = preSolution
		Debug|x64 = Debug|x64
		Debug|x86 = Debug|x86
		Release|x64 = Release|x64
		Release|x86 = Release|x86
	EndGlobalSection
	GlobalSection(ProjectConfigurationPlatforms) = postSolution
		{B09C7FF8-3E1B-425D-B165-E765770020E5}.Debug|x64.ActiveCfg = Debug|x64
		{B09C7FF8-3E1B-425D-B165-E765770020E5}.Debug|x64.Build.0 = Debug|x64
		{B09C7FF8-3E1B-425D-B165-E765770020E5}.Debug|x86.ActiveCfg = Debug|Win32
		{B09C7FF8-3E1B-425D-B165-E765770020E5}.Debug|x86.Build.0 = Debug|Win32
		{B09C7FF8-3E1B-425D-B165-E765770020E5}.Release|x64.ActiveCfg = Release|x64
		{B09C7FF8-3E1B-425D-B165-E765770020E5}.Release|x64.Build.0 = Release|x64
		{B09C7FF8-3E1B-425D-B165-E765770020E5}.Release|x86.ActiveCfg = Release|Win32
		{B09C7FF8-3E1B-425D-B165-E765770020E5}.Release|x86.Build.0 = Release|Win32
		{D6076C31-9FF1-479E-A804-C7C388D330D5}.Debug|x64.ActiveCfg = Debug|x64
		{D6076C31-9FF1-479E-A804-C7C388D330D5}.Debug|x64.Build.0 = Debug|x64
		{D6076C31-9FF1-479E-A804-C7C388D330D5}.Debug|x86.ActiveCfg = Debug|Win32
		{D6076C31-9FF1-479E-A804-C7C388D330D5}.Debug|x86.Build.0 = Debug|Win32
		{D6076C31-9FF1-479E-A804-C7C388D330D5}.Release|x64.ActiveCfg = Release|x64
		{D6076C31-9FF1-479E-A804-C7C388D330D5}.Release|x64.Build.0 = Release|x64
		{D6076C31-9FF1-479E-A804-C7C388D330D5}.Release|x86.ActiveCfg = Release|Win32
		{D6076C31-9FF1-479E-A804-C7C388D330D5}.Release|x86.Build.0 = Release|Win32
		{C872B8FD-76EB-481A-B316-395BDCF49DB0}.Debug|x64.ActiveCfg = Debug|x64
		{C872B8FD-76EB-481A-B316-395BDCF49DB0}.Debug|x64.Build.0 = Debug|x64
		{C872B8FD-76EB-481A-B316-395BDCF49DB0}.Debug|x86.ActiveCfg = Debug|Win32
		{C872B8FD-76EB-481A-B316-395BDCF49DB0}.Debug|x86.Build.0 = Debug|Win32
		{C872B8FD-76EB-481A-B316-395BDCF49DB0}.Release|x64.ActiveCfg = Release|x64
		{C872B8FD-76EB-481A-B316-395BDCF49DB0}.Release|x64.Build.0 = Release|x64
		{C872B8FD-76EB-481A-B316-395BDCF49DB0}.Release|x86.ActiveCfg = Release|Win32
		{C872B8FD-76EB-481A-B316-395BDCF49DB0}.Release|x86.Build.0 = Release|Win32
		{53D7F93E-7FF0-45DB-A40C-B64092DC66FF}.Debug|x64.ActiveCfg = Debug|x64
		{53D7F93E-7FF0-45DB-A40C-B64092DC66FF}.Debug|x64.Build.0 = Debug|x64
		{53D7F93E-7FF0-45DB-A40C-B64092DC66FF}.Debug|x86.ActiveCfg = Debug|Win32
		{53D7F93E-7FF0-45DB-A40C-B64092DC66FF}.Debug|x86.Build.0 = Debug|Win32
		{53D7F93E-7FF0-45DB-A40C-B64092DC66FF}.Release|x64.ActiveCfg = Release|x64
		{53D7F93E-7FF0-45DB-A40C-B64092DC66FF}.Release|x64.Build.0 = Release|x64
		{53D7F93E-7FF0-45DB-A40C-B64092DC66FF}.Release|x86.ActiveCfg = Release|Win32
		{53D7F93E-7FF0-45DB-A40C-B64092DC66FF}.Release|x86.Build.0 = Release|Win32
		{F6F78B71-0617-4853-BE98-40C24E7DFEC2}.Debug|x64.ActiveCfg = Debug|x64
		{F6F78B71-0617-4853-BE98-40C24E7DFEC2}.Debug|x64.Build.0 = Debug|x64
		{F6F78B71-0617-4853-BE98-40C24E7DFEC2}.Debug|x86.ActiveCfg = Debug|Win32
		{F6F78B71-0617-4853-BE98-40C24E7DFEC2}.Debug|x86.Build.0 = Debug|Win32
		{F6F78B71-0617-4853-BE98-40C24E7DFEC2}.Release|x64.ActiveCfg = Release|x64
		{F6F78B71-0617-4853-BE98-40C24E7DFEC2}.Release|x64.Build.0 = Release|x64
		{F6F78B71-0617-4853-BE98-40C24E7DFEC2}.Release|x86.ActiveCfg = Release|Win32
		{F6F78B71-0617-4853-BE98-40C24E7DFEC2}.Release|x86.Build.0 = Release|Win32
		{88645EC0-FC7F-43B5-AC14-4C7AC8DAF54A}.Debug|x64.ActiveCfg = Debug|x64
		{88645EC0-FC7F-43B5-AC14-4C7AC8DAF54A}.Debug|x64.Build.0 = Debug|x64
		{88645EC0-FC7F-43B5-AC14-4C7AC8DAF54A}.Debug|x86.ActiveCfg = Debug|Win32
		{88645EC0-FC7F-43B5-AC14-4C7AC8DAF54A}.Debug|x86.Build.0 = Debug|Win32
		{88645EC0-FC7F-43B5-AC14-4C7AC8DAF54A}.Release|x64.ActiveCfg = Release|x64
		{88645EC0-FC7F-43B5-AC14-4C7AC8DAF54A}.Release|x64.Build.0 = Release|x64
		{88645EC0-FC7F-43B5-AC14-4C7AC8DAF54A}.Release|x86.ActiveCfg = Release|Win32
		{88645EC0-FC7F-43B5-AC14-4C7AC8DAF54A}.Release|x86.Build.0 = Release|Win32
		{FEC126F6-5D28-4F75-9389-1E7B28448EB5}.Debug|x64.ActiveCfg = Debug|x64
		{FEC126F6-5D28-4F75-9389-1E7B28448EB5}.Debug|x64.Build.0 = Debug|x64
		{FEC126F6-5D28-4F75-9389-1E7B28448EB5}.Debug|x86.ActiveCfg = Debug|Win32
		{FEC126F6-5D28-4F75-9389-1E7B28448EB5}.Debug|x86.Build.0 = Debug|Win32
		{FEC126F6-5D28-4F75-9389-1E7B28448EB5}.Release|x64.ActiveCfg = Release|x64
		{FEC126F6-5D28-4F75-9389-1E7B28448EB5}.Release|x64.Build.0 = Release|x64
		{FEC126F6-5D28-4F75-9389-1E7B28448EB5}.Release|x86.ActiveCfg = Release|Win32
		{FEC126F6-5D28-4F75-9389-1E7B28448EB5}.Release|x86.Build.0 = Release|Win32
		{0A213F19-8D01-4908-8AEF-075C3EE1C1C8}.Debug|x64.ActiveCfg = Debug|x64
		{0A213F19-8D01-4908-8AEF-075C3EE1C1C8}.Debug|x64.Build.0 = Debug|x64
		{0A213F19-8D01-4908-8AEF-075C3EE1C1C8}.Debug|x86.ActiveCfg = Debug|Win32
		{0A213F19-8D01-4908-8AEF-075C3EE1C1C8}.Debug|x86.Build.0 = Debug|Win32
		{0A213F19-8D01-4908-8AEF-075C3EE1C1C8}.Release|x64.ActiveCfg = Release|x64
		{0A213F19-8D01-4908-8AEF-075C3EE1C1C8}.Release|x64.Build.0 = Release|x64
		{0A213F19-8D01-4908-8AEF-075C3EE1C1C8}.Release|x86.ActiveCfg = Release|Win32
		{0A213F19-8D01-4908-8AEF-075C3EE1C1C8}.Release|x86.Build.0 = Release|Win32
		{00423AC3-BB47-4FBA-A7CD-A1143DA6957E}.Debug|x64.ActiveCfg = Debug|x64
		{00423AC3-BB47-4FBA-A7CD-A1143DA6957E}.Debug|x64.Build.0 = Debug|x64
		{00423AC3-BB47-4FBA-A7CD-A1143DA6957E}.Debug|x86.ActiveCfg = Debug|Win32
		{00423AC3-BB47-4FBA-A7CD-A1143DA6957E}.Debug|x86.Build.0 = Debug|Win32
		{00423AC3-BB47-4FBA-A7CD-A1143DA6957E}.Release|x64.ActiveCfg = Release|x64
		{00423AC3-BB47-4FBA-A7CD-A1143DA6957E}.Release|x64.Build.0 = Release|x64
		{00423AC3-BB47-4FBA-A7CD-A1143DA6957E}.Release|x86.ActiveCfg = Release|Win32
		{00423AC3-BB47-4FBA-A7CD-A1143DA6957E}.Release|x86.Build.0 = Release|Win32
		{6A44641F-3755-4A46-9522-18EA52D0E91A}.Debug|x64.ActiveCfg = Debug|x64
		{6A44641F-3755-4A46-9522-18EA52D0E91A}.Debug|x64.Build.0 = Debug|x64
		{6A44641F-3755-4A46-9522-18EA52D0E91A}.Debug|x86.ActiveCfg = Debug|Win32
		{6A44641F-3755-4A46-9522-18EA52D0E91A}.Debug|x86.Build.0 = Debug|Win32
		{6A44641F-3755-4A46-9522-18EA52D0E91A}.Release|x64.ActiveCfg = Release|x64
		{6A44641F-3755-4A46-9522-18EA52D0E91A}.Release|x64.Build.0 = Release|x64
		{6A44641F-3755-4A46-9522-18EA52D0E91A}.Release|x86.ActiveCfg = Release|Win32
		{6A44641F-3755-4A46-9522-18EA52D0E91A}.Release|x86.Build.0 = Release|Win32
		{F80AAD2A-3402-4C40-9CC4-82E314826868}.Debug|x64.ActiveCfg = Debug|x64
		{F80AAD2A-3402-4C40-9CC4-82E314826868}.Debug|x64.Build.0 = Debug|x64
		{F80AAD2A-3402-4C40-9CC4-82E314826868}.Debug|x86.ActiveCfg = Debug|Win32
		{F80AAD2A-3402-4C40-9CC4-82E314826868}.Debug|x86.Build.0 = Debug|Win32
		{F80AAD2A-3402-4C40-9CC4-82E314826868}.Release|x64.ActiveCfg = Release|x64
		{F80AAD2A-3402-4C40-9CC4-82E314826868}.Release|x64.Build.0 = Release|x64
		{F80AAD2A-3402-4C40-9CC4-82E314826868}.Release|x86.ActiveCfg = Release|Win32
		{F80AAD2A-3402-4C40-9CC4-82E314826868}.Release|x86.Build.0 = Release|Win32
		{AA7A5600-4BFE-45AE-A5E2-1088D116450C}.Debug|x64.ActiveCfg = Debug|x64
		{AA7A5600-4BFE-45AE-A5E2-1088D116450C}.Debug|x64.Build.0 = Debug|x64
		{AA7A5600-4BFE-45AE-A5E2-1088D116450C}.Debug|x86.ActiveCfg = Debug|Win32
		{AA7A5600-4BFE-45AE-A5E2-1088D116450C}.Debug|x86.Build.0 = Debug|Win32
		{AA7A5600-4BFE-45AE-A5E2-1088D116450C}.Release|x64.ActiveCfg = Release|x64
		{AA7A5600-4BFE-45AE-A5E2-1088D116450C}.Release|x64.Build.0 = Release|x64
		{AA7A5600-4BFE-45AE-A5E2-1088D116450C}.Release|x86.ActiveCfg = Release|Win32
		{AA7A5600-4BFE-45AE-A5E2-1088D116450C}.Release|x86.Build.0 = Release|Win32
	EndGlobalSection
	GlobalSection(SolutionProperties) = preSolution
		HideSolutionNode = FALSE
	EndGlobalSection
	GlobalSection(ExtensibilityGlobals) = postSolution
		SolutionGuid = {483D52C9-58A0-4762-A7FF-507E81FCB00E}
	EndGlobalSection
EndGlobal
